
Microsoft Visual Studio Solution File, Format Version 12.00
# Visual Studio Version 17
VisualStudioVersion = 17.7.34202.233
MinimumVisualStudioVersion = 10.0.40219.1
Project("{8BC9CEB8-8B4A-11D0-8D11-00A0C91BC942}") = "Class fstream", "Class fstream.vcxproj", "{827A3140-C334-4A6C-930C-89A527AF980A}"
EndProject
Global
	GlobalSection(SolutionConfigurationPlatforms) = preSolution
		Debug|x64 = Debug|x64
		Debug|x86 = Debug|x86
		Release|x64 = Release|x64
		Release|x86 = Release|x86
	EndGlobalSection
	GlobalSection(ProjectConfigurationPlatforms) = postSolution
		{827A3140-C334-4A6C-930C-89A527AF980A}.Debug|x64.ActiveCfg = Debug|x64
		{827A3140-C334-4A6C-930C-89A527AF980A}.Debug|x64.Build.0 = Debug|x64
		{827A3140-C334-4A6C-930C-89A527AF980A}.Debug|x86.ActiveCfg = Debug|Win32
		{827A3140-C334-4A6C-930C-89A527AF980A}.Debug|x86.Build.0 = Debug|Win32
		{827A3140-C334-4A6C-930C-89A527AF980A}.Release|x64.ActiveCfg = Release|x64
		{827A3140-C334-4A6C-930C-89A527AF980A}.Release|x64.Build.0 = Release|x64
		{827A3140-C334-4A6C-930C-89A527AF980A}.Release|x86.ActiveCfg = Release|Win32
		{827A3140-C334-4A6C-930C-89A527AF980A}.Release|x86.Build.0 = Release|Win32
	EndGlobalSection
	GlobalSection(SolutionProperties) = preSolution
		HideSolutionNode = FALSE
	EndGlobalSection
	GlobalSection(ExtensibilityGlobals) = postSolution
		SolutionGuid = {6B6546F4-4265-41E4-BD02-12B2C6F96DFE}
	EndGlobalSection
EndGlobal
